
Microsoft Visual Studio Solution File, Format Version 12.00
# Visual Studio 15
VisualStudioVersion = 15.0.27428.2015
MinimumVisualStudioVersion = 10.0.40219.1
Project("{FAE04EC0-301F-11D3-BF4B-00C04F79EFBC}") = "ConsoleAppDataLoader", "ConsoleAppDataLoader\ConsoleAppDataLoader.csproj", "{2FC355AF-F531-406A-B001-DBFB4F0F15BB}"
EndProject
Global
	GlobalSection(SolutionConfigurationPlatforms) = preSolution
		Debug|Any CPU = Debug|Any CPU
		Release|Any CPU = Release|Any CPU
	EndGlobalSection
	GlobalSection(ProjectConfigurationPlatforms) = postSolution
		{2FC355AF-F531-406A-B001-DBFB4F0F15BB}.Debug|Any CPU.ActiveCfg = Debug|Any CPU
		{2FC355AF-F531-406A-B001-DBFB4F0F15BB}.Debug|Any CPU.Build.0 = Debug|Any CPU
		{2FC355AF-F531-406A-B001-DBFB4F0F15BB}.Release|Any CPU.ActiveCfg = Release|Any CPU
		{2FC355AF-F531-406A-B001-DBFB4F0F15BB}.Release|Any CPU.Build.0 = Release|Any CPU
	EndGlobalSection
	GlobalSection(SolutionProperties) = preSolution
		HideSolutionNode = FALSE
	EndGlobalSection
	GlobalSection(ExtensibilityGlobals) = postSolution
		SolutionGuid = {1E26B267-F8AB-4495-A3E1-5BD273B2F11C}
	EndGlobalSection
EndGlobal
